
Microsoft Visual Studio Solution File, Format Version 12.00
# Visual Studio 15
VisualStudioVersion = 15.0.28307.136
MinimumVisualStudioVersion = 10.0.40219.1
Project("{9A19103F-16F7-4668-BE54-9A1E7A4F7556}") = "RB.WebApp", "RB.WebApp\RB.WebApp.csproj", "{C1A8E6D6-0291-4558-A748-710C4665E96F}"
EndProject
Project("{9A19103F-16F7-4668-BE54-9A1E7A4F7556}") = "RB.Common", "RB.Common\RB.Common.csproj", "{EFA81622-5E96-4EBB-89D7-F69A8AC53CF3}"
EndProject
Project("{9A19103F-16F7-4668-BE54-9A1E7A4F7556}") = "RB.Data", "RB.Data\RB.Data.csproj", "{8344A75F-8D21-44E3-A92D-4E8B8F207827}"
EndProject
Project("{9A19103F-16F7-4668-BE54-9A1E7A4F7556}") = "RB.Services", "RB.Services\RB.Services.csproj", "{C178761D-D746-4B4C-A497-79B54AFABD99}"
EndProject
Global
	GlobalSection(SolutionConfigurationPlatforms) = preSolution
		Debug|Any CPU = Debug|Any CPU
		Release|Any CPU = Release|Any CPU
	EndGlobalSection
	GlobalSection(ProjectConfigurationPlatforms) = postSolution
		{C1A8E6D6-0291-4558-A748-710C4665E96F}.Debug|Any CPU.ActiveCfg = Debug|Any CPU
		{C1A8E6D6-0291-4558-A748-710C4665E96F}.Debug|Any CPU.Build.0 = Debug|Any CPU
		{C1A8E6D6-0291-4558-A748-710C4665E96F}.Release|Any CPU.ActiveCfg = Release|Any CPU
		{C1A8E6D6-0291-4558-A748-710C4665E96F}.Release|Any CPU.Build.0 = Release|Any CPU
		{EFA81622-5E96-4EBB-89D7-F69A8AC53CF3}.Debug|Any CPU.ActiveCfg = Debug|Any CPU
		{EFA81622-5E96-4EBB-89D7-F69A8AC53CF3}.Debug|Any CPU.Build.0 = Debug|Any CPU
		{EFA81622-5E96-4EBB-89D7-F69A8AC53CF3}.Release|Any CPU.ActiveCfg = Release|Any CPU
		{EFA81622-5E96-4EBB-89D7-F69A8AC53CF3}.Release|Any CPU.Build.0 = Release|Any CPU
		{8344A75F-8D21-44E3-A92D-4E8B8F207827}.Debug|Any CPU.ActiveCfg = Debug|Any CPU
		{8344A75F-8D21-44E3-A92D-4E8B8F207827}.Debug|Any CPU.Build.0 = Debug|Any CPU
		{8344A75F-8D21-44E3-A92D-4E8B8F207827}.Release|Any CPU.ActiveCfg = Release|Any CPU
		{8344A75F-8D21-44E3-A92D-4E8B8F207827}.Release|Any CPU.Build.0 = Release|Any CPU
		{C178761D-D746-4B4C-A497-79B54AFABD99}.Debug|Any CPU.ActiveCfg = Debug|Any CPU
		{C178761D-D746-4B4C-A497-79B54AFABD99}.Debug|Any CPU.Build.0 = Debug|Any CPU
		{C178761D-D746-4B4C-A497-79B54AFABD99}.Release|Any CPU.ActiveCfg = Release|Any CPU
		{C178761D-D746-4B4C-A497-79B54AFABD99}.Release|Any CPU.Build.0 = Release|Any CPU
	EndGlobalSection
	GlobalSection(SolutionProperties) = preSolution
		HideSolutionNode = FALSE
	EndGlobalSection
	GlobalSection(ExtensibilityGlobals) = postSolution
		SolutionGuid = {54B6049A-B5C6-4F73-90BF-01C284D18059}
	EndGlobalSection
EndGlobal
